
Microsoft Visual Studio Solution File, Format Version 12.00
# Visual Studio Version 17
VisualStudioVersion = 17.4.33122.133
MinimumVisualStudioVersion = 10.0.40219.1
Project("{FAE04EC0-301F-11D3-BF4B-00C04F79EFBC}") = "DependencyPath", "DependencyPath.csproj", "{B4777EAB-7E92-40AE-96DF-4CBFEBC024BA}"
EndProject
Global
	GlobalSection(SolutionConfigurationPlatforms) = preSolution
		Debug|Any CPU = Debug|Any CPU
		Release|Any CPU = Release|Any CPU
	EndGlobalSection
	GlobalSection(ProjectConfigurationPlatforms) = postSolution
		{B4777EAB-7E92-40AE-96DF-4CBFEBC024BA}.Debug|Any CPU.ActiveCfg = Debug|Any CPU
		{B4777EAB-7E92-40AE-96DF-4CBFEBC024BA}.Debug|Any CPU.Build.0 = Debug|Any CPU
		{B4777EAB-7E92-40AE-96DF-4CBFEBC024BA}.Release|Any CPU.ActiveCfg = Release|Any CPU
		{B4777EAB-7E92-40AE-96DF-4CBFEBC024BA}.Release|Any CPU.Build.0 = Release|Any CPU
	EndGlobalSection
	GlobalSection(SolutionProperties) = preSolution
		HideSolutionNode = FALSE
	EndGlobalSection
	GlobalSection(ExtensibilityGlobals) = postSolution
		SolutionGuid = {7B4BAEB6-5F8F-4233-AB13-5EFDF7F504DF}
	EndGlobalSection
EndGlobal
